
Microsoft Visual Studio Solution File, Format Version 12.00
# Visual Studio 15
VisualStudioVersion = 15.0.28307.136
MinimumVisualStudioVersion = 10.0.40219.1
Project("{FAE04EC0-301F-11D3-BF4B-00C04F79EFBC}") = "CameraSample", "CameraSample\CameraSample\CameraSample.csproj", "{E4131899-16DF-42D2-B729-085D87720F16}"
EndProject
Project("{FAE04EC0-301F-11D3-BF4B-00C04F79EFBC}") = "CameraSample.Android", "CameraSample\CameraSample.Android\CameraSample.Android.csproj", "{E2E8033C-7A26-45C6-BB67-DB6CEC9FCA20}"
EndProject
Project("{FAE04EC0-301F-11D3-BF4B-00C04F79EFBC}") = "CameraSample.iOS", "CameraSample\CameraSample.iOS\CameraSample.iOS.csproj", "{557A2C38-770B-4462-A976-5287F903C0E0}"
EndProject
Global
	GlobalSection(SolutionConfigurationPlatforms) = preSolution
		Ad-Hoc|Any CPU = Ad-Hoc|Any CPU
		Ad-Hoc|iPhone = Ad-Hoc|iPhone
		Ad-Hoc|iPhoneSimulator = Ad-Hoc|iPhoneSimulator
		AppStore|Any CPU = AppStore|Any CPU
		AppStore|iPhone = AppStore|iPhone
		AppStore|iPhoneSimulator = AppStore|iPhoneSimulator
		Debug|Any CPU = Debug|Any CPU
		Debug|iPhone = Debug|iPhone
		Debug|iPhoneSimulator = Debug|iPhoneSimulator
		Release|Any CPU = Release|Any CPU
		Release|iPhone = Release|iPhone
		Release|iPhoneSimulator = Release|iPhoneSimulator
	EndGlobalSection
	GlobalSection(ProjectConfigurationPlatforms) = postSolution
		{E4131899-16DF-42D2-B729-085D87720F16}.Ad-Hoc|Any CPU.ActiveCfg = Debug|Any CPU
		{E4131899-16DF-42D2-B729-085D87720F16}.Ad-Hoc|Any CPU.Build.0 = Debug|Any CPU
		{E4131899-16DF-42D2-B729-085D87720F16}.Ad-Hoc|iPhone.ActiveCfg = Debug|Any CPU
		{E4131899-16DF-42D2-B729-085D87720F16}.Ad-Hoc|iPhone.Build.0 = Debug|Any CPU
		{E4131899-16DF-42D2-B729-085D87720F16}.Ad-Hoc|iPhoneSimulator.ActiveCfg = Debug|Any CPU
		{E4131899-16DF-42D2-B729-085D87720F16}.Ad-Hoc|iPhoneSimulator.Build.0 = Debug|Any CPU
		{E4131899-16DF-42D2-B729-085D87720F16}.AppStore|Any CPU.ActiveCfg = Debug|Any CPU
		{E4131899-16DF-42D2-B729-085D87720F16}.AppStore|Any CPU.Build.0 = Debug|Any CPU
		{E4131899-16DF-42D2-B729-085D87720F16}.AppStore|iPhone.ActiveCfg = Debug|Any CPU
		{E4131899-16DF-42D2-B729-085D87720F16}.AppStore|iPhone.Build.0 = Debug|Any CPU
		{E4131899-16DF-42D2-B729-085D87720F16}.AppStore|iPhoneSimulator.ActiveCfg = Debug|Any CPU
		{E4131899-16DF-42D2-B729-085D87720F16}.AppStore|iPhoneSimulator.Build.0 = Debug|Any CPU
		{E4131899-16DF-42D2-B729-085D87720F16}.Debug|Any CPU.ActiveCfg = Debug|Any CPU
		{E4131899-16DF-42D2-B729-085D87720F16}.Debug|Any CPU.Build.0 = Debug|Any CPU
		{E4131899-16DF-42D2-B729-085D87720F16}.Debug|iPhone.ActiveCfg = Debug|Any CPU
		{E4131899-16DF-42D2-B729-085D87720F16}.Debug|iPhone.Build.0 = Debug|Any CPU
		{E4131899-16DF-42D2-B729-085D87720F16}.Debug|iPhoneSimulator.ActiveCfg = Debug|Any CPU
		{E4131899-16DF-42D2-B729-085D87720F16}.Debug|iPhoneSimulator.Build.0 = Debug|Any CPU
		{E4131899-16DF-42D2-B729-085D87720F16}.Release|Any CPU.ActiveCfg = Release|Any CPU
		{E4131899-16DF-42D2-B729-085D87720F16}.Release|Any CPU.Build.0 = Release|Any CPU
		{E4131899-16DF-42D2-B729-085D87720F16}.Release|iPhone.ActiveCfg = Release|Any CPU
		{E4131899-16DF-42D2-B729-085D87720F16}.Release|iPhone.Build.0 = Release|Any CPU
		{E4131899-16DF-42D2-B729-085D87720F16}.Release|iPhoneSimulator.ActiveCfg = Release|Any CPU
		{E4131899-16DF-42D2-B729-085D87720F16}.Release|iPhoneSimulator.Build.0 = Release|Any CPU
		{E2E8033C-7A26-45C6-BB67-DB6CEC9FCA20}.Ad-Hoc|Any CPU.ActiveCfg = Release|Any CPU
		{E2E8033C-7A26-45C6-BB67-DB6CEC9FCA20}.Ad-Hoc|Any CPU.Build.0 = Release|Any CPU
		{E2E8033C-7A26-45C6-BB67-DB6CEC9FCA20}.Ad-Hoc|Any CPU.Deploy.0 = Release|Any CPU
		{E2E8033C-7A26-45C6-BB67-DB6CEC9FCA20}.Ad-Hoc|iPhone.ActiveCfg = Release|Any CPU
		{E2E8033C-7A26-45C6-BB67-DB6CEC9FCA20}.Ad-Hoc|iPhone.Build.0 = Release|Any CPU
		{E2E8033C-7A26-45C6-BB67-DB6CEC9FCA20}.Ad-Hoc|iPhone.Deploy.0 = Release|Any CPU
		{E2E8033C-7A26-45C6-BB67-DB6CEC9FCA20}.Ad-Hoc|iPhoneSimulator.ActiveCfg = Release|Any CPU
		{E2E8033C-7A26-45C6-BB67-DB6CEC9FCA20}.Ad-Hoc|iPhoneSimulator.Build.0 = Release|Any CPU
		{E2E8033C-7A26-45C6-BB67-DB6CEC9FCA20}.Ad-Hoc|iPhoneSimulator.Deploy.0 = Release|Any CPU
		{E2E8033C-7A26-45C6-BB67-DB6CEC9FCA20}.AppStore|Any CPU.ActiveCfg = Release|Any CPU
		{E2E8033C-7A26-45C6-BB67-DB6CEC9FCA20}.AppStore|Any CPU.Build.0 = Release|Any CPU
		{E2E8033C-7A26-45C6-BB67-DB6CEC9FCA20}.AppStore|Any CPU.Deploy.0 = Release|Any CPU
		{E2E8033C-7A26-45C6-BB67-DB6CEC9FCA20}.AppStore|iPhone.ActiveCfg = Release|Any CPU
		{E2E8033C-7A26-45C6-BB67-DB6CEC9FCA20}.AppStore|iPhone.Build.0 = Release|Any CPU
		{E2E8033C-7A26-45C6-BB67-DB6CEC9FCA20}.AppStore|iPhone.Deploy.0 = Release|Any CPU
		{E2E8033C-7A26-45C6-BB67-DB6CEC9FCA20}.AppStore|iPhoneSimulator.ActiveCfg = Release|Any CPU
		{E2E8033C-7A26-45C6-BB67-DB6CEC9FCA20}.AppStore|iPhoneSimulator.Build.0 = Release|Any CPU
		{E2E8033C-7A26-45C6-BB67-DB6CEC9FCA20}.AppStore|iPhoneSimulator.Deploy.0 = Release|Any CPU
		{E2E8033C-7A26-45C6-BB67-DB6CEC9FCA20}.Debug|Any CPU.ActiveCfg = Debug|Any CPU
		{E2E8033C-7A26-45C6-BB67-DB6CEC9FCA20}.Debug|Any CPU.Build.0 = Debug|Any CPU
		{E2E8033C-7A26-45C6-BB67-DB6CEC9FCA20}.Debug|Any CPU.Deploy.0 = Debug|Any CPU
		{E2E8033C-7A26-45C6-BB67-DB6CEC9FCA20}.Debug|iPhone.ActiveCfg = Debug|Any CPU
		{E2E8033C-7A26-45C6-BB67-DB6CEC9FCA20}.Debug|iPhone.Build.0 = Debug|Any CPU
		{E2E8033C-7A26-45C6-BB67-DB6CEC9FCA20}.Debug|iPhone.Deploy.0 = Debug|Any CPU
		{E2E8033C-7A26-45C6-BB67-DB6CEC9FCA20}.Debug|iPhoneSimulator.ActiveCfg = Debug|Any CPU
		{E2E8033C-7A26-45C6-BB67-DB6CEC9FCA20}.Debug|iPhoneSimulator.Build.0 = Debug|Any CPU
		{E2E8033C-7A26-45C6-BB67-DB6CEC9FCA20}.Debug|iPhoneSimulator.Deploy.0 = Debug|Any CPU
		{E2E8033C-7A26-45C6-BB67-DB6CEC9FCA20}.Release|Any CPU.ActiveCfg = Release|Any CPU
		{E2E8033C-7A26-45C6-BB67-DB6CEC9FCA20}.Release|Any CPU.Build.0 = Release|Any CPU
		{E2E8033C-7A26-45C6-BB67-DB6CEC9FCA20}.Release|Any CPU.Deploy.0 = Release|Any CPU
		{E2E8033C-7A26-45C6-BB67-DB6CEC9FCA20}.Release|iPhone.ActiveCfg = Release|Any CPU
		{E2E8033C-7A26-45C6-BB67-DB6CEC9FCA20}.Release|iPhone.Build.0 = Release|Any CPU
		{E2E8033C-7A26-45C6-BB67-DB6CEC9FCA20}.Release|iPhone.Deploy.0 = Release|Any CPU
		{E2E8033C-7A26-45C6-BB67-DB6CEC9FCA20}.Release|iPhoneSimulator.ActiveCfg = Release|Any CPU
		{E2E8033C-7A26-45C6-BB67-DB6CEC9FCA20}.Release|iPhoneSimulator.Build.0 = Release|Any CPU
		{E2E8033C-7A26-45C6-BB67-DB6CEC9FCA20}.Release|iPhoneSimulator.Deploy.0 = Release|Any CPU
		{557A2C38-770B-4462-A976-5287F903C0E0}.Ad-Hoc|Any CPU.ActiveCfg = Ad-Hoc|iPhone
		{557A2C38-770B-4462-A976-5287F903C0E0}.Ad-Hoc|iPhone.ActiveCfg = Ad-Hoc|iPhone
		{557A2C38-770B-4462-A976-5287F903C0E0}.Ad-Hoc|iPhone.Build.0 = Ad-Hoc|iPhone
		{557A2C38-770B-4462-A976-5287F903C0E0}.Ad-Hoc|iPhoneSimulator.ActiveCfg = Ad-Hoc|iPhoneSimulator
		{557A2C38-770B-4462-A976-5287F903C0E0}.Ad-Hoc|iPhoneSimulator.Build.0 = Ad-Hoc|iPhoneSimulator
		{557A2C38-770B-4462-A976-5287F903C0E0}.AppStore|Any CPU.ActiveCfg = AppStore|iPhone
		{557A2C38-770B-4462-A976-5287F903C0E0}.AppStore|iPhone.ActiveCfg = AppStore|iPhone
		{557A2C38-770B-4462-A976-5287F903C0E0}.AppStore|iPhone.Build.0 = AppStore|iPhone
		{557A2C38-770B-4462-A976-5287F903C0E0}.AppStore|iPhoneSimulator.ActiveCfg = AppStore|iPhoneSimulator
		{557A2C38-770B-4462-A976-5287F903C0E0}.AppStore|iPhoneSimulator.Build.0 = AppStore|iPhoneSimulator
		{557A2C38-770B-4462-A976-5287F903C0E0}.Debug|Any CPU.ActiveCfg = Debug|iPhone
		{557A2C38-770B-4462-A976-5287F903C0E0}.Debug|iPhone.ActiveCfg = Debug|iPhone
		{557A2C38-770B-4462-A976-5287F903C0E0}.Debug|iPhone.Build.0 = Debug|iPhone
		{557A2C38-770B-4462-A976-5287F903C0E0}.Debug|iPhoneSimulator.ActiveCfg = Debug|iPhoneSimulator
		{557A2C38-770B-4462-A976-5287F903C0E0}.Debug|iPhoneSimulator.Build.0 = Debug|iPhoneSimulator
		{557A2C38-770B-4462-A976-5287F903C0E0}.Release|Any CPU.ActiveCfg = Release|iPhone
		{557A2C38-770B-4462-A976-5287F903C0E0}.Release|iPhone.ActiveCfg = Release|iPhone
		{557A2C38-770B-4462-A976-5287F903C0E0}.Release|iPhone.Build.0 = Release|iPhone
		{557A2C38-770B-4462-A976-5287F903C0E0}.Release|iPhoneSimulator.ActiveCfg = Release|iPhoneSimulator
		{557A2C38-770B-4462-A976-5287F903C0E0}.Release|iPhoneSimulator.Build.0 = Release|iPhoneSimulator
	EndGlobalSection
	GlobalSection(SolutionProperties) = preSolution
		HideSolutionNode = FALSE
	EndGlobalSection
	GlobalSection(ExtensibilityGlobals) = postSolution
		SolutionGuid = {442C6027-A270-4F40-BF45-E21FCB2F060F}
	EndGlobalSection
EndGlobal
